{
  "nodes": {
    "auto-save": {
      "flake": false,
      "locked": {
        "lastModified": 1667329943,
        "narHash": "sha256-bWGil73YiCKZEaY7IuUOIU4Q7k7qCMjSeQ4I+cAVe44=",
        "owner": "Pocco81",
        "repo": "auto-save.nvim",
        "rev": "979b6c82f60cfa80f4cf437d77446d0ded0addf0",
        "type": "github"
      },
      "original": {
        "owner": "Pocco81",
        "repo": "auto-save.nvim",
        "type": "github"
      }
    },
    "cmp-buffer": {
      "flake": false,
      "locked": {
        "lastModified": 1660101488,
        "narHash": "sha256-dG4U7MtnXThoa/PD+qFtCt76MQ14V1wX8GMYcvxEnbM=",
        "owner": "hrsh7th",
        "repo": "cmp-buffer",
        "rev": "3022dbc9166796b644a841a02de8dd1cc1d311fa",
        "type": "github"
      },
      "original": {
        "owner": "hrsh7th",
        "repo": "cmp-buffer",
        "type": "github"
      }
    },
    "cmp-cmdline": {
      "flake": false,
      "locked": {
        "lastModified": 1711081050,
        "narHash": "sha256-iBmXp+gUSMbgfkv7c7RDQAwPq02e07wEnBETP0dWBOo=",
        "owner": "hrsh7th",
        "repo": "cmp-cmdline",
        "rev": "d250c63aa13ead745e3a40f61fdd3470efde3923",
        "type": "github"
      },
      "original": {
        "owner": "hrsh7th",
        "repo": "cmp-cmdline",
        "type": "github"
      }
    },
    "cmp-nvim-lsp": {
      "flake": false,
      "locked": {
        "lastModified": 1715931395,
        "narHash": "sha256-CT1+Z4XJBVsl/RqvJeGmyitD6x7So0ylXvvef5jh7I8=",
        "owner": "hrsh7th",
        "repo": "cmp-nvim-lsp",
        "rev": "39e2eda76828d88b773cc27a3f61d2ad782c922d",
        "type": "github"
      },
      "original": {
        "owner": "hrsh7th",
        "repo": "cmp-nvim-lsp",
        "type": "github"
      }
    },
    "cmp-path": {
      "flake": false,
      "locked": {
        "lastModified": 1664784283,
        "narHash": "sha256-thppiiV3wjIaZnAXmsh7j3DUc6ceSCvGzviwFUnoPaI=",
        "owner": "hrsh7th",
        "repo": "cmp-path",
        "rev": "91ff86cd9c29299a64f968ebb45846c485725f23",
        "type": "github"
      },
      "original": {
        "owner": "hrsh7th",
        "repo": "cmp-path",
        "type": "github"
      }
    },
    "cmp-treesitter": {
      "flake": false,
      "locked": {
        "lastModified": 1715596479,
        "narHash": "sha256-8WAk9S+/7vSz7bVHdEzjbKUokU144fvnByIeJ1gAWhU=",
        "owner": "ray-x",
        "repo": "cmp-treesitter",
        "rev": "958fcfa0d8ce46d215e19cc3992c542f576c4123",
        "type": "github"
      },
      "original": {
        "owner": "ray-x",
        "repo": "cmp-treesitter",
        "type": "github"
      }
    },
    "cmp_luasnip": {
      "flake": false,
      "locked": {
        "lastModified": 1696878902,
        "narHash": "sha256-nUJJl2zyK/oSwz5RzI9j3gf9zpDfCImCYbPbVsyXgz8=",
        "owner": "saadparwaiz1",
        "repo": "cmp_luasnip",
        "rev": "05a9ab28b53f71d1aece421ef32fee2cb857a843",
        "type": "github"
      },
      "original": {
        "owner": "saadparwaiz1",
        "repo": "cmp_luasnip",
        "type": "github"
      }
    },
    "devshell": {
      "inputs": {
        "nixpkgs": [
          "nixvim",
          "nixpkgs"
        ]
      },
      "locked": {
        "lastModified": 1728330715,
        "narHash": "sha256-xRJ2nPOXb//u1jaBnDP56M7v5ldavjbtR6lfGqSvcKg=",
        "owner": "numtide",
        "repo": "devshell",
        "rev": "dd6b80932022cea34a019e2bb32f6fa9e494dfef",
        "type": "github"
      },
      "original": {
        "owner": "numtide",
        "repo": "devshell",
        "type": "github"
      }
    },
    "dracula": {
      "flake": false,
      "locked": {
        "lastModified": 1729038981,
        "narHash": "sha256-3jFOaFtH+EIx4mUKV0U/cFkUo8By0JgorTYgFUKEs/s=",
        "owner": "Mofiqul",
        "repo": "dracula.nvim",
        "rev": "94fa7885a06a67f0a8bfa03e064619d05d1ba496",
        "type": "github"
      },
      "original": {
        "owner": "Mofiqul",
        "repo": "dracula.nvim",
        "type": "github"
      }
    },
    "flake-compat": {
      "locked": {
        "lastModified": 1696426674,
        "narHash": "sha256-kvjfFW7WAETZlt09AgDn1MrtKzP7t90Vf7vypd3OL1U=",
        "rev": "0f9255e01c2351cc7d116c072cb317785dd33b33",
        "revCount": 57,
        "type": "tarball",
        "url": "https://api.flakehub.com/f/pinned/edolstra/flake-compat/1.0.1/018afb31-abd1-7bff-a5e4-cff7e18efb7a/source.tar.gz"
      },
      "original": {
        "type": "tarball",
        "url": "https://flakehub.com/f/edolstra/flake-compat/1.tar.gz"
      }
    },
    "flake-parts": {
      "inputs": {
        "nixpkgs-lib": "nixpkgs-lib"
      },
      "locked": {
        "lastModified": 1727826117,
        "narHash": "sha256-K5ZLCyfO/Zj9mPFldf3iwS6oZStJcU4tSpiXTMYaaL0=",
        "owner": "hercules-ci",
        "repo": "flake-parts",
        "rev": "3d04084d54bedc3d6b8b736c70ef449225c361b1",
        "type": "github"
      },
      "original": {
        "owner": "hercules-ci",
        "repo": "flake-parts",
        "type": "github"
      }
    },
    "flake-parts_2": {
      "inputs": {
        "nixpkgs-lib": [
          "nixvim",
          "nixpkgs"
        ]
      },
      "locked": {
        "lastModified": 1727826117,
        "narHash": "sha256-K5ZLCyfO/Zj9mPFldf3iwS6oZStJcU4tSpiXTMYaaL0=",
        "owner": "hercules-ci",
        "repo": "flake-parts",
        "rev": "3d04084d54bedc3d6b8b736c70ef449225c361b1",
        "type": "github"
      },
      "original": {
        "owner": "hercules-ci",
        "repo": "flake-parts",
        "type": "github"
      }
    },
    "flake-utils": {
      "inputs": {
        "systems": "systems"
      },
      "locked": {
        "lastModified": 1726560853,
        "narHash": "sha256-X6rJYSESBVr3hBoH0WbKE5KvhPU5bloyZ2L4K60/fPQ=",
        "owner": "numtide",
        "repo": "flake-utils",
        "rev": "c1dfcf08411b08f6b8615f7d8971a2bfa81d5e8a",
        "type": "github"
      },
      "original": {
        "owner": "numtide",
        "repo": "flake-utils",
        "type": "github"
      }
    },
    "friendly-snippets": {
      "flake": false,
      "locked": {
        "lastModified": 1728273759,
        "narHash": "sha256-H94Ryad0ZsSg/gioUgW+7sowij7GgtEUMNFi1IOZAys=",
        "owner": "rafamadriz",
        "repo": "friendly-snippets",
        "rev": "de8fce94985873666bd9712ea3e49ee17aadb1ed",
        "type": "github"
      },
      "original": {
        "owner": "rafamadriz",
        "repo": "friendly-snippets",
        "type": "github"
      }
    },
    "git-hooks": {
      "inputs": {
        "flake-compat": [
          "nixvim",
          "flake-compat"
        ],
        "gitignore": "gitignore",
        "nixpkgs": [
          "nixvim",
          "nixpkgs"
        ],
        "nixpkgs-stable": [
          "nixvim",
          "nixpkgs"
        ]
      },
      "locked": {
        "lastModified": 1730302582,
        "narHash": "sha256-W1MIJpADXQCgosJZT8qBYLRuZls2KSiKdpnTVdKBuvU=",
        "owner": "cachix",
        "repo": "git-hooks.nix",
        "rev": "af8a16fe5c264f5e9e18bcee2859b40a656876cf",
        "type": "github"
      },
      "original": {
        "owner": "cachix",
        "repo": "git-hooks.nix",
        "type": "github"
      }
    },
    "gitblame": {
      "flake": false,
      "locked": {
        "lastModified": 1727177890,
        "narHash": "sha256-mFzm0hkO0iei3yekOXrQpeCJimwzBLgXLZtK1DjjoE4=",
        "owner": "f-person",
        "repo": "git-blame.nvim",
        "rev": "2883a7460f611c2705b23f12d58d398d5ce6ec00",
        "type": "github"
      },
      "original": {
        "owner": "f-person",
        "repo": "git-blame.nvim",
        "type": "github"
      }
    },
    "gitignore": {
      "inputs": {
        "nixpkgs": [
          "nixvim",
          "git-hooks",
          "nixpkgs"
        ]
      },
      "locked": {
        "lastModified": 1709087332,
        "narHash": "sha256-HG2cCnktfHsKV0s4XW83gU3F57gaTljL9KNSuG6bnQs=",
        "owner": "hercules-ci",
        "repo": "gitignore.nix",
        "rev": "637db329424fd7e46cf4185293b9cc8c88c95394",
        "type": "github"
      },
      "original": {
        "owner": "hercules-ci",
        "repo": "gitignore.nix",
        "type": "github"
      }
    },
    "home-manager": {
      "inputs": {
        "nixpkgs": [
          "nixvim",
          "nixpkgs"
        ]
      },
      "locked": {
        "lastModified": 1730016908,
        "narHash": "sha256-bFCxJco7d8IgmjfNExNz9knP8wvwbXU4s/d53KOK6U0=",
        "owner": "nix-community",
        "repo": "home-manager",
        "rev": "e83414058edd339148dc142a8437edb9450574c8",
        "type": "github"
      },
      "original": {
        "owner": "nix-community",
        "repo": "home-manager",
        "type": "github"
      }
    },
    "indent-blankline": {
      "flake": false,
      "locked": {
        "lastModified": 1730170343,
        "narHash": "sha256-odv43EyZ3gMg410eBFAkye/SdAj+LcVVZPaZm8w0biM=",
        "owner": "lukas-reineke",
        "repo": "indent-blankline.nvim",
        "rev": "04e44b09ee3ff189c69ab082edac1ef7ae2e256c",
        "type": "github"
      },
      "original": {
        "owner": "lukas-reineke",
        "repo": "indent-blankline.nvim",
        "type": "github"
      }
    },
    "ixx": {
      "inputs": {
        "flake-utils": [
          "nixvim",
          "nuschtosSearch",
          "flake-utils"
        ],
        "nixpkgs": [
          "nixvim",
          "nuschtosSearch",
          "nixpkgs"
        ]
      },
      "locked": {
        "lastModified": 1729544999,
        "narHash": "sha256-YcyJLvTmN6uLEBGCvYoMLwsinblXMkoYkNLEO4WnKus=",
        "owner": "NuschtOS",
        "repo": "ixx",
        "rev": "65c207c92befec93e22086da9456d3906a4e999c",
        "type": "github"
      },
      "original": {
        "owner": "NuschtOS",
        "ref": "v0.0.5",
        "repo": "ixx",
        "type": "github"
      }
    },
    "lsp-zero": {
      "flake": false,
      "locked": {
        "lastModified": 1729102013,
        "narHash": "sha256-tXllggyw7sm8zwOHrn+2mcTHch6Vp1u3BhjxvH+VCbA=",
        "owner": "VonHeikemen",
        "repo": "lsp-zero.nvim",
        "rev": "19a8b90340c6c522219c84f7befe784d657ab28e",
        "type": "github"
      },
      "original": {
        "owner": "VonHeikemen",
        "repo": "lsp-zero.nvim",
        "type": "github"
      }
    },
    "luasnip": {
      "flake": false,
      "locked": {
        "lastModified": 1730313308,
        "narHash": "sha256-gDCmhOoTnLDrv0owOqaqa0e4wkA2rvuatVBsepaMEyI=",
        "owner": "L3MON4D3",
        "repo": "LuaSnip",
        "rev": "8d7aa7a7b7c0875e4878d1d2590924bc1c229305",
        "type": "github"
      },
      "original": {
        "owner": "L3MON4D3",
        "repo": "LuaSnip",
        "type": "github"
      }
    },
    "nix-darwin": {
      "inputs": {
        "nixpkgs": [
          "nixvim",
          "nixpkgs"
        ]
      },
      "locked": {
        "lastModified": 1730184279,
        "narHash": "sha256-6OB+WWR6gnaWiqSS28aMJypKeK7Pjc2Wm6L0MtOrTuA=",
        "owner": "lnl7",
        "repo": "nix-darwin",
        "rev": "b379bd4d872d159e5189053ce9a4adf86d56db4b",
        "type": "github"
      },
      "original": {
        "owner": "lnl7",
        "repo": "nix-darwin",
        "type": "github"
      }
    },
    "nixpkgs": {
      "locked": {
        "lastModified": 1730200266,
        "narHash": "sha256-l253w0XMT8nWHGXuXqyiIC/bMvh1VRszGXgdpQlfhvU=",
        "owner": "nixos",
        "repo": "nixpkgs",
        "rev": "807e9154dcb16384b1b765ebe9cd2bba2ac287fd",
        "type": "github"
      },
      "original": {
        "owner": "nixos",
        "ref": "nixos-unstable",
        "repo": "nixpkgs",
        "type": "github"
      }
    },
    "nixpkgs-lib": {
      "locked": {
        "lastModified": 1727825735,
        "narHash": "sha256-0xHYkMkeLVQAMa7gvkddbPqpxph+hDzdu1XdGPJR+Os=",
        "type": "tarball",
        "url": "https://github.com/NixOS/nixpkgs/archive/fb192fec7cc7a4c26d51779e9bab07ce6fa5597a.tar.gz"
      },
      "original": {
        "type": "tarball",
        "url": "https://github.com/NixOS/nixpkgs/archive/fb192fec7cc7a4c26d51779e9bab07ce6fa5597a.tar.gz"
      }
    },
    "nixpkgs_2": {
      "locked": {
        "lastModified": 1730200266,
        "narHash": "sha256-l253w0XMT8nWHGXuXqyiIC/bMvh1VRszGXgdpQlfhvU=",
        "owner": "NixOS",
        "repo": "nixpkgs",
        "rev": "807e9154dcb16384b1b765ebe9cd2bba2ac287fd",
        "type": "github"
      },
      "original": {
        "owner": "NixOS",
        "ref": "nixos-unstable",
        "repo": "nixpkgs",
        "type": "github"
      }
    },
    "nixpkgs_3": {
      "locked": {
        "lastModified": 1726871744,
        "narHash": "sha256-V5LpfdHyQkUF7RfOaDPrZDP+oqz88lTJrMT1+stXNwo=",
        "owner": "nixos",
        "repo": "nixpkgs",
        "rev": "a1d92660c6b3b7c26fb883500a80ea9d33321be2",
        "type": "github"
      },
      "original": {
        "owner": "nixos",
        "ref": "nixpkgs-unstable",
        "repo": "nixpkgs",
        "type": "github"
      }
    },
    "nixvim": {
      "inputs": {
        "devshell": "devshell",
        "flake-compat": "flake-compat",
        "flake-parts": "flake-parts_2",
        "git-hooks": "git-hooks",
        "home-manager": "home-manager",
        "nix-darwin": "nix-darwin",
        "nixpkgs": "nixpkgs_2",
        "nuschtosSearch": "nuschtosSearch",
        "treefmt-nix": "treefmt-nix"
      },
      "locked": {
        "lastModified": 1730368298,
        "narHash": "sha256-5z4pDqRSSovXPPtN1BNEJOkGoCd/XSYuCWh8AsvoTio=",
        "owner": "nix-community",
        "repo": "nixvim",
        "rev": "42ea1626cb002fa759a6b1e2841bfc80a4e59615",
        "type": "github"
      },
      "original": {
        "owner": "nix-community",
        "repo": "nixvim",
        "type": "github"
      }
    },
    "nuschtosSearch": {
      "inputs": {
        "flake-utils": "flake-utils",
        "ixx": "ixx",
        "nixpkgs": [
          "nixvim",
          "nixpkgs"
        ]
      },
      "locked": {
        "lastModified": 1730337772,
        "narHash": "sha256-uTxvqDohfG85+zldO5Tf1B+fuAF8ZhMouNwG5S6OAnA=",
        "owner": "NuschtOS",
        "repo": "search",
        "rev": "4e0a7a95a3df3333771abc4df6a656e7baf67106",
        "type": "github"
      },
      "original": {
        "owner": "NuschtOS",
        "repo": "search",
        "type": "github"
      }
    },
    "nvim-cmp": {
      "flake": false,
      "locked": {
        "lastModified": 1729519807,
        "narHash": "sha256-dAsXxv1RtgMc1i5QrR2xqOeK6aRgYNqdYyTXVBXhVJ4=",
        "owner": "hrsh7th",
        "repo": "nvim-cmp",
        "rev": "29fb4854573355792df9e156cb779f0d31308796",
        "type": "github"
      },
      "original": {
        "owner": "hrsh7th",
        "repo": "nvim-cmp",
        "type": "github"
      }
    },
    "nvim-surround": {
      "flake": false,
      "locked": {
        "lastModified": 1730136751,
        "narHash": "sha256-XVwvoM3Id9lCi9EgK/Y944UuCXj9niTnZ5I5+d1yVqQ=",
        "owner": "kylechui",
        "repo": "nvim-surround",
        "rev": "dca2e998ff26681ee422b92c6ed39b3d2908d8a9",
        "type": "github"
      },
      "original": {
        "owner": "kylechui",
        "repo": "nvim-surround",
        "type": "github"
      }
    },
    "nvim-tree": {
      "flake": false,
      "locked": {
        "lastModified": 1730160468,
        "narHash": "sha256-w76Mo346kAJ54Gh4vwTwq5POSJkaoOuNG5ofqpPwxX8=",
        "owner": "nvim-tree",
        "repo": "nvim-tree.lua",
        "rev": "120ba58254835d412bbc91cffe847e9be835fadd",
        "type": "github"
      },
      "original": {
        "owner": "nvim-tree",
        "repo": "nvim-tree.lua",
        "type": "github"
      }
    },
    "plenary": {
      "flake": false,
      "locked": {
        "lastModified": 1726602776,
        "narHash": "sha256-bmmPekAvuBvLQmrnnX0n+FRBqfVxBsObhxIEkDGAla4=",
        "owner": "nvim-lua",
        "repo": "plenary.nvim",
        "rev": "2d9b06177a975543726ce5c73fca176cedbffe9d",
        "type": "github"
      },
      "original": {
        "owner": "nvim-lua",
        "repo": "plenary.nvim",
        "type": "github"
      }
    },
    "quick-scope": {
      "flake": false,
      "locked": {
        "lastModified": 1720194674,
        "narHash": "sha256-l7YXdo6Futdq32247BtcfSHVOIj8pthlPvpzoRPnlMI=",
        "owner": "unblevable",
        "repo": "quick-scope",
        "rev": "4d35d3b2bc6794666353dcc241b2680bd560416f",
        "type": "github"
      },
      "original": {
        "owner": "unblevable",
        "repo": "quick-scope",
        "type": "github"
      }
    },
    "rainbow-delimiters": {
      "flake": false,
      "locked": {
        "lastModified": 1727386046,
        "narHash": "sha256-3Wovs/DREnbch7BtkmQeTXsb91AbZdb+N8TAVikbd88=",
        "owner": "HiPhish",
        "repo": "rainbow-delimiters.nvim",
        "rev": "d227e6c9879bb50af35cd733461198666981d482",
        "type": "github"
      },
      "original": {
        "owner": "HiPhish",
        "repo": "rainbow-delimiters.nvim",
        "type": "github"
      }
    },
    "root": {
      "inputs": {
        "auto-save": "auto-save",
        "cmp-buffer": "cmp-buffer",
        "cmp-cmdline": "cmp-cmdline",
        "cmp-nvim-lsp": "cmp-nvim-lsp",
        "cmp-path": "cmp-path",
        "cmp-treesitter": "cmp-treesitter",
        "cmp_luasnip": "cmp_luasnip",
        "dracula": "dracula",
        "flake-parts": "flake-parts",
        "friendly-snippets": "friendly-snippets",
        "gitblame": "gitblame",
        "indent-blankline": "indent-blankline",
        "lsp-zero": "lsp-zero",
        "luasnip": "luasnip",
        "nixpkgs": "nixpkgs",
        "nixvim": "nixvim",
        "nvim-cmp": "nvim-cmp",
        "nvim-surround": "nvim-surround",
        "nvim-tree": "nvim-tree",
        "plenary": "plenary",
        "quick-scope": "quick-scope",
        "rainbow-delimiters": "rainbow-delimiters",
        "snipe": "snipe",
        "telescope": "telescope",
        "treefmt-nix": "treefmt-nix_2",
        "trouble": "trouble",
        "undotree": "undotree",
        "vim-floaterm": "vim-floaterm",
        "which-key": "which-key"
      }
    },
    "snipe": {
      "flake": false,
      "locked": {
        "lastModified": 1730040944,
        "narHash": "sha256-CE82TDxSVVcSiXMdEzolQGdiXY0ZAJpddFCp3RhSw6o=",
        "owner": "leath-dub",
        "repo": "snipe.nvim",
        "rev": "c36d215ceed5b8dec5d8e273d7de423650996da8",
        "type": "github"
      },
      "original": {
        "owner": "leath-dub",
        "repo": "snipe.nvim",
        "type": "github"
      }
    },
    "systems": {
      "locked": {
        "lastModified": 1681028828,
        "narHash": "sha256-Vy1rq5AaRuLzOxct8nz4T6wlgyUR7zLU309k9mBC768=",
        "owner": "nix-systems",
        "repo": "default",
        "rev": "da67096a3b9bf56a91d16901293e51ba5b49a27e",
        "type": "github"
      },
      "original": {
        "owner": "nix-systems",
        "repo": "default",
        "type": "github"
      }
    },
    "telescope": {
      "flake": false,
      "locked": {
        "lastModified": 1730164948,
        "narHash": "sha256-Qa/f+0asQvA8mhIUajC4BGZCI92OqA6ySVoQSC3ZY3s=",
        "owner": "nvim-telescope",
        "repo": "telescope.nvim",
        "rev": "85922dde3767e01d42a08e750a773effbffaea3e",
        "type": "github"
      },
      "original": {
        "owner": "nvim-telescope",
        "repo": "telescope.nvim",
        "type": "github"
      }
    },
    "treefmt-nix": {
      "inputs": {
        "nixpkgs": [
          "nixvim",
          "nixpkgs"
        ]
      },
      "locked": {
        "lastModified": 1730321837,
        "narHash": "sha256-vK+a09qq19QNu2MlLcvN4qcRctJbqWkX7ahgPZ/+maI=",
        "owner": "numtide",
        "repo": "treefmt-nix",
        "rev": "746901bb8dba96d154b66492a29f5db0693dbfcc",
        "type": "github"
      },
      "original": {
        "owner": "numtide",
        "repo": "treefmt-nix",
        "type": "github"
      }
    },
    "treefmt-nix_2": {
      "inputs": {
        "nixpkgs": "nixpkgs_3"
      },
      "locked": {
        "lastModified": 1730321837,
        "narHash": "sha256-vK+a09qq19QNu2MlLcvN4qcRctJbqWkX7ahgPZ/+maI=",
        "owner": "numtide",
        "repo": "treefmt-nix",
        "rev": "746901bb8dba96d154b66492a29f5db0693dbfcc",
        "type": "github"
      },
      "original": {
        "owner": "numtide",
        "repo": "treefmt-nix",
        "type": "github"
      }
    },
    "trouble": {
      "flake": false,
      "locked": {
        "lastModified": 1729663279,
        "narHash": "sha256-J0Gor5thMqe6T/4PYC8I1RAywfec0eWU1O+GoHUiHnI=",
        "owner": "folke",
        "repo": "trouble.nvim",
        "rev": "2f3b537f2207ce32f4459f9d56746ee013b5e01b",
        "type": "github"
      },
      "original": {
        "owner": "folke",
        "repo": "trouble.nvim",
        "type": "github"
      }
    },
    "undotree": {
      "flake": false,
      "locked": {
        "lastModified": 1726704151,
        "narHash": "sha256-XU2n5S2XLIQcPUJESzW+g/ZAXqJo/9uIHYtFutlqmvA=",
        "owner": "mbbill",
        "repo": "undotree",
        "rev": "78b5241191852ffa9bb5da5ff2ee033160798c3b",
        "type": "github"
      },
      "original": {
        "owner": "mbbill",
        "repo": "undotree",
        "type": "github"
      }
    },
    "vim-floaterm": {
      "flake": false,
      "locked": {
        "lastModified": 1712535773,
        "narHash": "sha256-wIgcBcdxJsT+qrsC5Boj6hp0xpp5gFeQFhK7yyC5a1o=",
        "owner": "voldikss",
        "repo": "vim-floaterm",
        "rev": "4e28c8dd0271e10a5f55142fb6fe9b1599ee6160",
        "type": "github"
      },
      "original": {
        "owner": "voldikss",
        "repo": "vim-floaterm",
        "type": "github"
      }
    },
    "which-key": {
      "flake": false,
      "locked": {
        "lastModified": 1727856297,
        "narHash": "sha256-crECQnWpptz1A/hOndHPEduK6MqWQH8kyf58h+4snHo=",
        "owner": "folke",
        "repo": "which-key.nvim",
        "rev": "8badb359f7ab8711e2575ef75dfe6fbbd87e4821",
        "type": "github"
      },
      "original": {
        "owner": "folke",
        "repo": "which-key.nvim",
        "type": "github"
      }
    }
  },
  "root": "root",
  "version": 7
}
